{
  "name": "OC_JasmineTest",
  "version": "1.0.0",
  "lockfileVersion": 1,
  "requires": true,
  "dependencies": {
    "angular-mocks": {
      "version": "1.7.8",
      "resolved": "https://registry.npmjs.org/angular-mocks/-/angular-mocks-1.7.8.tgz",
      "integrity": "sha512-LB13ESBT0eJrhQhfPXyLR9qm4LI9g44hyBFwUqZKEHEA4DpfxVTu0ONipiNoN0zWtmEAezA8u2gjcoaO2TStig=="
    }
  }
}
